
Microsoft Visual Studio Solution File, Format Version 12.00
# Visual Studio Version 16
VisualStudioVersion = 16.0.29503.13
MinimumVisualStudioVersion = 10.0.40219.1
Project("{FAE04EC0-301F-11D3-BF4B-00C04F79EFBC}") = "LibiadaWeb", "LibiadaWeb\LibiadaWeb.csproj", "{47FAD378-F2BC-4470-AE1A-F497D698600C}"
EndProject
Project("{FAE04EC0-301F-11D3-BF4B-00C04F79EFBC}") = "LibiadaWeb.Tests", "LibiadaWeb.Tests\LibiadaWeb.Tests.csproj", "{EB0D176B-D8E7-4A34-BF0F-317112C5048F}"
EndProject
Project("{2150E333-8FDC-42A3-9474-1A3956D46DE8}") = ".nuget", ".nuget", "{B45027A7-D596-4A5C-BECE-3C85CA990DD5}"
	ProjectSection(SolutionItems) = preProject
		.nuget\NuGet.Config = .nuget\NuGet.Config
		.nuget\NuGet.exe = .nuget\NuGet.exe
		.nuget\NuGet.targets = .nuget\NuGet.targets
	EndProjectSection
EndProject
Project("{9A19103F-16F7-4668-BE54-9A1E7A4F7556}") = "LibiadaCore", "..\libiada-core\LibiadaCore\LibiadaCore.csproj", "{791DA20B-3149-4BB0-9AFF-6CED1A94D828}"
EndProject
Project("{9A19103F-16F7-4668-BE54-9A1E7A4F7556}") = "Clusterizator", "..\libiada-core\Clusterizator\Clusterizator.csproj", "{B69ABC4E-1C8D-4E9F-929F-A915ADD21B81}"
EndProject
Project("{9A19103F-16F7-4668-BE54-9A1E7A4F7556}") = "Clusterizator.Tests", "..\libiada-core\Clusterizator.Tests\Clusterizator.Tests.csproj", "{D0A7A2A6-65E8-4B42-BA73-517A16F7B221}"
EndProject
Project("{9A19103F-16F7-4668-BE54-9A1E7A4F7556}") = "LibiadaCore.Tests", "..\libiada-core\LibiadaCore.Tests\LibiadaCore.Tests.csproj", "{820658FE-55EE-4E28-B082-9F8019B30059}"
EndProject
Project("{9A19103F-16F7-4668-BE54-9A1E7A4F7556}") = "SequenceGenerator", "..\libiada-core\SequenceGenerator\SequenceGenerator.csproj", "{C65C1903-8A6A-43CC-BB08-4107DE51C8ED}"
EndProject
Project("{9A19103F-16F7-4668-BE54-9A1E7A4F7556}") = "SequenceGenerator.Tests", "..\libiada-core\SequenceGenerator.Tests\SequenceGenerator.Tests.csproj", "{81F0D3F4-BC3C-4A45-A1A5-2D95D30F3D02}"
EndProject
Global
	GlobalSection(SolutionConfigurationPlatforms) = preSolution
		Debug|Any CPU = Debug|Any CPU
		Debug|x64 = Debug|x64
		Release|Any CPU = Release|Any CPU
		Release|x64 = Release|x64
	EndGlobalSection
	GlobalSection(ProjectConfigurationPlatforms) = postSolution
		{47FAD378-F2BC-4470-AE1A-F497D698600C}.Debug|Any CPU.ActiveCfg = Debug|Any CPU
		{47FAD378-F2BC-4470-AE1A-F497D698600C}.Debug|Any CPU.Build.0 = Debug|Any CPU
		{47FAD378-F2BC-4470-AE1A-F497D698600C}.Debug|x64.ActiveCfg = Debug|x64
		{47FAD378-F2BC-4470-AE1A-F497D698600C}.Debug|x64.Build.0 = Debug|x64
		{47FAD378-F2BC-4470-AE1A-F497D698600C}.Release|Any CPU.ActiveCfg = Release|Any CPU
		{47FAD378-F2BC-4470-AE1A-F497D698600C}.Release|Any CPU.Build.0 = Release|Any CPU
		{47FAD378-F2BC-4470-AE1A-F497D698600C}.Release|x64.ActiveCfg = Release|x64
		{47FAD378-F2BC-4470-AE1A-F497D698600C}.Release|x64.Build.0 = Release|x64
		{EB0D176B-D8E7-4A34-BF0F-317112C5048F}.Debug|Any CPU.ActiveCfg = Debug|Any CPU
		{EB0D176B-D8E7-4A34-BF0F-317112C5048F}.Debug|Any CPU.Build.0 = Debug|Any CPU
		{EB0D176B-D8E7-4A34-BF0F-317112C5048F}.Debug|x64.ActiveCfg = Debug|Any CPU
		{EB0D176B-D8E7-4A34-BF0F-317112C5048F}.Debug|x64.Build.0 = Debug|Any CPU
		{EB0D176B-D8E7-4A34-BF0F-317112C5048F}.Release|Any CPU.ActiveCfg = Release|Any CPU
		{EB0D176B-D8E7-4A34-BF0F-317112C5048F}.Release|Any CPU.Build.0 = Release|Any CPU
		{EB0D176B-D8E7-4A34-BF0F-317112C5048F}.Release|x64.ActiveCfg = Release|Any CPU
		{EB0D176B-D8E7-4A34-BF0F-317112C5048F}.Release|x64.Build.0 = Release|Any CPU
		{791DA20B-3149-4BB0-9AFF-6CED1A94D828}.Debug|Any CPU.ActiveCfg = Debug|Any CPU
		{791DA20B-3149-4BB0-9AFF-6CED1A94D828}.Debug|Any CPU.Build.0 = Debug|Any CPU
		{791DA20B-3149-4BB0-9AFF-6CED1A94D828}.Debug|x64.ActiveCfg = Debug|Any CPU
		{791DA20B-3149-4BB0-9AFF-6CED1A94D828}.Debug|x64.Build.0 = Debug|Any CPU
		{791DA20B-3149-4BB0-9AFF-6CED1A94D828}.Release|Any CPU.ActiveCfg = Release|Any CPU
		{791DA20B-3149-4BB0-9AFF-6CED1A94D828}.Release|Any CPU.Build.0 = Release|Any CPU
		{791DA20B-3149-4BB0-9AFF-6CED1A94D828}.Release|x64.ActiveCfg = Release|Any CPU
		{791DA20B-3149-4BB0-9AFF-6CED1A94D828}.Release|x64.Build.0 = Release|Any CPU
		{B69ABC4E-1C8D-4E9F-929F-A915ADD21B81}.Debug|Any CPU.ActiveCfg = Debug|Any CPU
		{B69ABC4E-1C8D-4E9F-929F-A915ADD21B81}.Debug|Any CPU.Build.0 = Debug|Any CPU
		{B69ABC4E-1C8D-4E9F-929F-A915ADD21B81}.Debug|x64.ActiveCfg = Debug|Any CPU
		{B69ABC4E-1C8D-4E9F-929F-A915ADD21B81}.Debug|x64.Build.0 = Debug|Any CPU
		{B69ABC4E-1C8D-4E9F-929F-A915ADD21B81}.Release|Any CPU.ActiveCfg = Release|Any CPU
		{B69ABC4E-1C8D-4E9F-929F-A915ADD21B81}.Release|Any CPU.Build.0 = Release|Any CPU
		{B69ABC4E-1C8D-4E9F-929F-A915ADD21B81}.Release|x64.ActiveCfg = Release|Any CPU
		{B69ABC4E-1C8D-4E9F-929F-A915ADD21B81}.Release|x64.Build.0 = Release|Any CPU
		{D0A7A2A6-65E8-4B42-BA73-517A16F7B221}.Debug|Any CPU.ActiveCfg = Debug|Any CPU
		{D0A7A2A6-65E8-4B42-BA73-517A16F7B221}.Debug|Any CPU.Build.0 = Debug|Any CPU
		{D0A7A2A6-65E8-4B42-BA73-517A16F7B221}.Debug|x64.ActiveCfg = Debug|Any CPU
		{D0A7A2A6-65E8-4B42-BA73-517A16F7B221}.Debug|x64.Build.0 = Debug|Any CPU
		{D0A7A2A6-65E8-4B42-BA73-517A16F7B221}.Release|Any CPU.ActiveCfg = Release|Any CPU
		{D0A7A2A6-65E8-4B42-BA73-517A16F7B221}.Release|Any CPU.Build.0 = Release|Any CPU
		{D0A7A2A6-65E8-4B42-BA73-517A16F7B221}.Release|x64.ActiveCfg = Release|Any CPU
		{D0A7A2A6-65E8-4B42-BA73-517A16F7B221}.Release|x64.Build.0 = Release|Any CPU
		{820658FE-55EE-4E28-B082-9F8019B30059}.Debug|Any CPU.ActiveCfg = Debug|Any CPU
		{820658FE-55EE-4E28-B082-9F8019B30059}.Debug|Any CPU.Build.0 = Debug|Any CPU
		{820658FE-55EE-4E28-B082-9F8019B30059}.Debug|x64.ActiveCfg = Debug|Any CPU
		{820658FE-55EE-4E28-B082-9F8019B30059}.Debug|x64.Build.0 = Debug|Any CPU
		{820658FE-55EE-4E28-B082-9F8019B30059}.Release|Any CPU.ActiveCfg = Release|Any CPU
		{820658FE-55EE-4E28-B082-9F8019B30059}.Release|Any CPU.Build.0 = Release|Any CPU
		{820658FE-55EE-4E28-B082-9F8019B30059}.Release|x64.ActiveCfg = Release|Any CPU
		{820658FE-55EE-4E28-B082-9F8019B30059}.Release|x64.Build.0 = Release|Any CPU
		{C65C1903-8A6A-43CC-BB08-4107DE51C8ED}.Debug|Any CPU.ActiveCfg = Debug|Any CPU
		{C65C1903-8A6A-43CC-BB08-4107DE51C8ED}.Debug|Any CPU.Build.0 = Debug|Any CPU
		{C65C1903-8A6A-43CC-BB08-4107DE51C8ED}.Debug|x64.ActiveCfg = Debug|Any CPU
		{C65C1903-8A6A-43CC-BB08-4107DE51C8ED}.Debug|x64.Build.0 = Debug|Any CPU
		{C65C1903-8A6A-43CC-BB08-4107DE51C8ED}.Release|Any CPU.ActiveCfg = Release|Any CPU
		{C65C1903-8A6A-43CC-BB08-4107DE51C8ED}.Release|Any CPU.Build.0 = Release|Any CPU
		{C65C1903-8A6A-43CC-BB08-4107DE51C8ED}.Release|x64.ActiveCfg = Release|Any CPU
		{C65C1903-8A6A-43CC-BB08-4107DE51C8ED}.Release|x64.Build.0 = Release|Any CPU
		{81F0D3F4-BC3C-4A45-A1A5-2D95D30F3D02}.Debug|Any CPU.ActiveCfg = Debug|Any CPU
		{81F0D3F4-BC3C-4A45-A1A5-2D95D30F3D02}.Debug|Any CPU.Build.0 = Debug|Any CPU
		{81F0D3F4-BC3C-4A45-A1A5-2D95D30F3D02}.Debug|x64.ActiveCfg = Debug|Any CPU
		{81F0D3F4-BC3C-4A45-A1A5-2D95D30F3D02}.Debug|x64.Build.0 = Debug|Any CPU
		{81F0D3F4-BC3C-4A45-A1A5-2D95D30F3D02}.Release|Any CPU.ActiveCfg = Release|Any CPU
		{81F0D3F4-BC3C-4A45-A1A5-2D95D30F3D02}.Release|Any CPU.Build.0 = Release|Any CPU
		{81F0D3F4-BC3C-4A45-A1A5-2D95D30F3D02}.Release|x64.ActiveCfg = Release|Any CPU
		{81F0D3F4-BC3C-4A45-A1A5-2D95D30F3D02}.Release|x64.Build.0 = Release|Any CPU
	EndGlobalSection
	GlobalSection(SolutionProperties) = preSolution
		HideSolutionNode = FALSE
	EndGlobalSection
	GlobalSection(ExtensibilityGlobals) = postSolution
		SolutionGuid = {69280731-CB8A-4BF5-814A-C4E3BE49256A}
	EndGlobalSection
EndGlobal
