
Microsoft Visual Studio Solution File, Format Version 12.00
# Visual Studio Version 17
VisualStudioVersion = 17.8.34330.188
MinimumVisualStudioVersion = 10.0.40219.1
Project("{9A19103F-16F7-4668-BE54-9A1E7A4F7556}") = "Libiada.Web", "Libiada.Web\Libiada.Web.csproj", "{45D7D138-5640-47CD-BC92-3E15C2F719C8}"
EndProject
Project("{9A19103F-16F7-4668-BE54-9A1E7A4F7556}") = "Libiada.Database", "..\libiada-database\Libiada.Database\Libiada.Database.csproj", "{A14CA593-416D-4578-B79F-54BCDF5288F1}"
EndProject
Project("{9A19103F-16F7-4668-BE54-9A1E7A4F7556}") = "Libiada.Web.Tests", "Libiada.Web.Tests\Libiada.Web.Tests.csproj", "{F326AA67-5786-46DE-894C-7A26DE1D4845}"
EndProject
Project("{9A19103F-16F7-4668-BE54-9A1E7A4F7556}") = "Libiada.Database.Tests", "..\libiada-database\Libiada.Database.Tests\Libiada.Database.Tests.csproj", "{BA549D92-C8DC-44B8-B166-011BE51235E2}"
EndProject
Project("{9A19103F-16F7-4668-BE54-9A1E7A4F7556}") = "Libiada.Clusterizator", "..\libiada-core\Libiada.Clusterizator\Libiada.Clusterizator.csproj", "{86CED652-636D-403C-BC21-5B2E8F10C0D1}"
EndProject
Project("{9A19103F-16F7-4668-BE54-9A1E7A4F7556}") = "Libiada.Clusterizator.Tests", "..\libiada-core\Libiada.Clusterizator.Tests\Libiada.Clusterizator.Tests.csproj", "{5C59B289-6C32-49C2-9F39-40B3486A6D20}"
EndProject
Project("{9A19103F-16F7-4668-BE54-9A1E7A4F7556}") = "Libiada.Core", "..\libiada-core\Libiada.Core\Libiada.Core.csproj", "{27651B0C-EE39-4DB2-9330-C2926F959C5C}"
EndProject
Project("{9A19103F-16F7-4668-BE54-9A1E7A4F7556}") = "Libiada.Core.Tests", "..\libiada-core\Libiada.Core.Tests\Libiada.Core.Tests.csproj", "{8019FA72-99D2-4CEA-86D2-253A55F67D80}"
EndProject
Project("{9A19103F-16F7-4668-BE54-9A1E7A4F7556}") = "Libiada.MarkovChains", "..\libiada-core\Libiada.MarkovChains\Libiada.MarkovChains.csproj", "{1CEDE46D-C192-4105-8076-A951B0A755BC}"
EndProject
Project("{9A19103F-16F7-4668-BE54-9A1E7A4F7556}") = "Libiada.MarkovChains.Tests", "..\libiada-core\Libiada.MarkovChains.Tests\Libiada.MarkovChains.Tests.csproj", "{F0889A46-3AEB-45D5-9499-F0B868531AC6}"
EndProject
Project("{9A19103F-16F7-4668-BE54-9A1E7A4F7556}") = "Libiada.PhantomChains", "..\libiada-core\Libiada.PhantomChains\Libiada.PhantomChains.csproj", "{7C0C4184-475C-4EE2-9DB3-62AA1B1A63F2}"
EndProject
Project("{9A19103F-16F7-4668-BE54-9A1E7A4F7556}") = "Libiada.PhantomChains.Tests", "..\libiada-core\Libiada.PhantomChains.Tests\Libiada.PhantomChains.Tests.csproj", "{08F1F252-BF52-428E-9243-CD0602E17A3E}"
EndProject
Project("{9A19103F-16F7-4668-BE54-9A1E7A4F7556}") = "Libiada.Segmenter", "..\libiada-core\Libiada.Segmenter\Libiada.Segmenter.csproj", "{0836E964-F234-4776-9B1A-718287A01EFE}"
EndProject
Project("{9A19103F-16F7-4668-BE54-9A1E7A4F7556}") = "Libiada.Segmenter.Tests", "..\libiada-core\Libiada.Segmenter.Tests\Libiada.Segmenter.Tests.csproj", "{F64C355D-AD29-4907-A315-ED03F7100E44}"
EndProject
Project("{9A19103F-16F7-4668-BE54-9A1E7A4F7556}") = "Libiada.SequenceGenerator", "..\libiada-core\Libiada.SequenceGenerator\Libiada.SequenceGenerator.csproj", "{39617745-FD2D-44AF-944E-D8502F5C49C5}"
EndProject
Project("{9A19103F-16F7-4668-BE54-9A1E7A4F7556}") = "Libiada.SequenceGenerator.Tests", "..\libiada-core\Libiada.SequenceGenerator.Tests\Libiada.SequenceGenerator.Tests.csproj", "{8656437B-2AEF-4085-9212-7ECB3E62E272}"
EndProject
Global
	GlobalSection(SolutionConfigurationPlatforms) = preSolution
		Debug|Any CPU = Debug|Any CPU
		Release|Any CPU = Release|Any CPU
	EndGlobalSection
	GlobalSection(ProjectConfigurationPlatforms) = postSolution
		{45D7D138-5640-47CD-BC92-3E15C2F719C8}.Debug|Any CPU.ActiveCfg = Debug|Any CPU
		{45D7D138-5640-47CD-BC92-3E15C2F719C8}.Debug|Any CPU.Build.0 = Debug|Any CPU
		{45D7D138-5640-47CD-BC92-3E15C2F719C8}.Release|Any CPU.ActiveCfg = Release|Any CPU
		{45D7D138-5640-47CD-BC92-3E15C2F719C8}.Release|Any CPU.Build.0 = Release|Any CPU
		{A14CA593-416D-4578-B79F-54BCDF5288F1}.Debug|Any CPU.ActiveCfg = Debug|Any CPU
		{A14CA593-416D-4578-B79F-54BCDF5288F1}.Debug|Any CPU.Build.0 = Debug|Any CPU
		{A14CA593-416D-4578-B79F-54BCDF5288F1}.Release|Any CPU.ActiveCfg = Release|Any CPU
		{A14CA593-416D-4578-B79F-54BCDF5288F1}.Release|Any CPU.Build.0 = Release|Any CPU
		{F326AA67-5786-46DE-894C-7A26DE1D4845}.Debug|Any CPU.ActiveCfg = Debug|Any CPU
		{F326AA67-5786-46DE-894C-7A26DE1D4845}.Debug|Any CPU.Build.0 = Debug|Any CPU
		{F326AA67-5786-46DE-894C-7A26DE1D4845}.Release|Any CPU.ActiveCfg = Release|Any CPU
		{F326AA67-5786-46DE-894C-7A26DE1D4845}.Release|Any CPU.Build.0 = Release|Any CPU
		{BA549D92-C8DC-44B8-B166-011BE51235E2}.Debug|Any CPU.ActiveCfg = Debug|Any CPU
		{BA549D92-C8DC-44B8-B166-011BE51235E2}.Debug|Any CPU.Build.0 = Debug|Any CPU
		{BA549D92-C8DC-44B8-B166-011BE51235E2}.Release|Any CPU.ActiveCfg = Release|Any CPU
		{BA549D92-C8DC-44B8-B166-011BE51235E2}.Release|Any CPU.Build.0 = Release|Any CPU
		{86CED652-636D-403C-BC21-5B2E8F10C0D1}.Debug|Any CPU.ActiveCfg = Debug|Any CPU
		{86CED652-636D-403C-BC21-5B2E8F10C0D1}.Debug|Any CPU.Build.0 = Debug|Any CPU
		{86CED652-636D-403C-BC21-5B2E8F10C0D1}.Release|Any CPU.ActiveCfg = Release|Any CPU
		{86CED652-636D-403C-BC21-5B2E8F10C0D1}.Release|Any CPU.Build.0 = Release|Any CPU
		{5C59B289-6C32-49C2-9F39-40B3486A6D20}.Debug|Any CPU.ActiveCfg = Debug|Any CPU
		{5C59B289-6C32-49C2-9F39-40B3486A6D20}.Debug|Any CPU.Build.0 = Debug|Any CPU
		{5C59B289-6C32-49C2-9F39-40B3486A6D20}.Release|Any CPU.ActiveCfg = Release|Any CPU
		{5C59B289-6C32-49C2-9F39-40B3486A6D20}.Release|Any CPU.Build.0 = Release|Any CPU
		{27651B0C-EE39-4DB2-9330-C2926F959C5C}.Debug|Any CPU.ActiveCfg = Debug|Any CPU
		{27651B0C-EE39-4DB2-9330-C2926F959C5C}.Debug|Any CPU.Build.0 = Debug|Any CPU
		{27651B0C-EE39-4DB2-9330-C2926F959C5C}.Release|Any CPU.ActiveCfg = Release|Any CPU
		{27651B0C-EE39-4DB2-9330-C2926F959C5C}.Release|Any CPU.Build.0 = Release|Any CPU
		{8019FA72-99D2-4CEA-86D2-253A55F67D80}.Debug|Any CPU.ActiveCfg = Debug|Any CPU
		{8019FA72-99D2-4CEA-86D2-253A55F67D80}.Debug|Any CPU.Build.0 = Debug|Any CPU
		{8019FA72-99D2-4CEA-86D2-253A55F67D80}.Release|Any CPU.ActiveCfg = Release|Any CPU
		{8019FA72-99D2-4CEA-86D2-253A55F67D80}.Release|Any CPU.Build.0 = Release|Any CPU
		{1CEDE46D-C192-4105-8076-A951B0A755BC}.Debug|Any CPU.ActiveCfg = Debug|Any CPU
		{1CEDE46D-C192-4105-8076-A951B0A755BC}.Debug|Any CPU.Build.0 = Debug|Any CPU
		{1CEDE46D-C192-4105-8076-A951B0A755BC}.Release|Any CPU.ActiveCfg = Release|Any CPU
		{1CEDE46D-C192-4105-8076-A951B0A755BC}.Release|Any CPU.Build.0 = Release|Any CPU
		{F0889A46-3AEB-45D5-9499-F0B868531AC6}.Debug|Any CPU.ActiveCfg = Debug|Any CPU
		{F0889A46-3AEB-45D5-9499-F0B868531AC6}.Debug|Any CPU.Build.0 = Debug|Any CPU
		{F0889A46-3AEB-45D5-9499-F0B868531AC6}.Release|Any CPU.ActiveCfg = Release|Any CPU
		{F0889A46-3AEB-45D5-9499-F0B868531AC6}.Release|Any CPU.Build.0 = Release|Any CPU
		{7C0C4184-475C-4EE2-9DB3-62AA1B1A63F2}.Debug|Any CPU.ActiveCfg = Debug|Any CPU
		{7C0C4184-475C-4EE2-9DB3-62AA1B1A63F2}.Debug|Any CPU.Build.0 = Debug|Any CPU
		{7C0C4184-475C-4EE2-9DB3-62AA1B1A63F2}.Release|Any CPU.ActiveCfg = Release|Any CPU
		{7C0C4184-475C-4EE2-9DB3-62AA1B1A63F2}.Release|Any CPU.Build.0 = Release|Any CPU
		{08F1F252-BF52-428E-9243-CD0602E17A3E}.Debug|Any CPU.ActiveCfg = Debug|Any CPU
		{08F1F252-BF52-428E-9243-CD0602E17A3E}.Debug|Any CPU.Build.0 = Debug|Any CPU
		{08F1F252-BF52-428E-9243-CD0602E17A3E}.Release|Any CPU.ActiveCfg = Release|Any CPU
		{08F1F252-BF52-428E-9243-CD0602E17A3E}.Release|Any CPU.Build.0 = Release|Any CPU
		{0836E964-F234-4776-9B1A-718287A01EFE}.Debug|Any CPU.ActiveCfg = Debug|Any CPU
		{0836E964-F234-4776-9B1A-718287A01EFE}.Debug|Any CPU.Build.0 = Debug|Any CPU
		{0836E964-F234-4776-9B1A-718287A01EFE}.Release|Any CPU.ActiveCfg = Release|Any CPU
		{0836E964-F234-4776-9B1A-718287A01EFE}.Release|Any CPU.Build.0 = Release|Any CPU
		{F64C355D-AD29-4907-A315-ED03F7100E44}.Debug|Any CPU.ActiveCfg = Debug|Any CPU
		{F64C355D-AD29-4907-A315-ED03F7100E44}.Debug|Any CPU.Build.0 = Debug|Any CPU
		{F64C355D-AD29-4907-A315-ED03F7100E44}.Release|Any CPU.ActiveCfg = Release|Any CPU
		{F64C355D-AD29-4907-A315-ED03F7100E44}.Release|Any CPU.Build.0 = Release|Any CPU
		{39617745-FD2D-44AF-944E-D8502F5C49C5}.Debug|Any CPU.ActiveCfg = Debug|Any CPU
		{39617745-FD2D-44AF-944E-D8502F5C49C5}.Debug|Any CPU.Build.0 = Debug|Any CPU
		{39617745-FD2D-44AF-944E-D8502F5C49C5}.Release|Any CPU.ActiveCfg = Release|Any CPU
		{39617745-FD2D-44AF-944E-D8502F5C49C5}.Release|Any CPU.Build.0 = Release|Any CPU
		{8656437B-2AEF-4085-9212-7ECB3E62E272}.Debug|Any CPU.ActiveCfg = Debug|Any CPU
		{8656437B-2AEF-4085-9212-7ECB3E62E272}.Debug|Any CPU.Build.0 = Debug|Any CPU
		{8656437B-2AEF-4085-9212-7ECB3E62E272}.Release|Any CPU.ActiveCfg = Release|Any CPU
		{8656437B-2AEF-4085-9212-7ECB3E62E272}.Release|Any CPU.Build.0 = Release|Any CPU
	EndGlobalSection
	GlobalSection(SolutionProperties) = preSolution
		HideSolutionNode = FALSE
	EndGlobalSection
	GlobalSection(ExtensibilityGlobals) = postSolution
		SolutionGuid = {A930E3A3-36BE-4C8C-93A5-80E7C7638C87}
	EndGlobalSection
EndGlobal
