
Microsoft Visual Studio Solution File, Format Version 12.00
# Visual Studio Version 17
VisualStudioVersion = 17.8.34330.188
MinimumVisualStudioVersion = 10.0.40219.1
Project("{9A19103F-16F7-4668-BE54-9A1E7A4F7556}") = "Libiada.Web", "Libiada.Web\Libiada.Web.csproj", "{45D7D138-5640-47CD-BC92-3E15C2F719C8}"
EndProject
Project("{9A19103F-16F7-4668-BE54-9A1E7A4F7556}") = "Libiada.Database", "..\libiada-database\Libiada.Database\Libiada.Database.csproj", "{A14CA593-416D-4578-B79F-54BCDF5288F1}"
EndProject
Project("{9A19103F-16F7-4668-BE54-9A1E7A4F7556}") = "Clusterizator", "..\libiada-core\Clusterizator\Clusterizator.csproj", "{FC07EAF3-248A-4E33-BC0B-62562608B971}"
EndProject
Project("{9A19103F-16F7-4668-BE54-9A1E7A4F7556}") = "LibiadaCore", "..\libiada-core\LibiadaCore\LibiadaCore.csproj", "{0487FD4A-C556-49C3-8863-DF5A96752D4F}"
EndProject
Project("{9A19103F-16F7-4668-BE54-9A1E7A4F7556}") = "Segmenter", "..\libiada-core\Segmenter\Segmenter.csproj", "{60871AFC-8039-4CCE-9DD5-DB51251BF6B1}"
EndProject
Project("{9A19103F-16F7-4668-BE54-9A1E7A4F7556}") = "SequenceGenerator", "..\libiada-core\SequenceGenerator\SequenceGenerator.csproj", "{41AB43B7-ACD6-47D5-BB3C-372CC7D59688}"
EndProject
Project("{9A19103F-16F7-4668-BE54-9A1E7A4F7556}") = "Clusterizator.Tests", "..\libiada-core\Clusterizator.Tests\Clusterizator.Tests.csproj", "{8E2986A9-6D83-4C1F-AE84-D03496863E6D}"
EndProject
Project("{9A19103F-16F7-4668-BE54-9A1E7A4F7556}") = "LibiadaCore.Tests", "..\libiada-core\LibiadaCore.Tests\LibiadaCore.Tests.csproj", "{CA7E5BAB-A689-45FB-9DA6-F7023866988A}"
EndProject
Project("{9A19103F-16F7-4668-BE54-9A1E7A4F7556}") = "MarkovChains", "..\libiada-core\MarkovChains\MarkovChains.csproj", "{6ADFB9C2-4AFB-4D34-9DE2-D92FC98225E0}"
EndProject
Project("{9A19103F-16F7-4668-BE54-9A1E7A4F7556}") = "MarkovChains.Tests", "..\libiada-core\MarkovChains.Tests\MarkovChains.Tests.csproj", "{714F8CA8-6EB5-4423-A73A-8B9A4CD44200}"
EndProject
Project("{9A19103F-16F7-4668-BE54-9A1E7A4F7556}") = "PhantomChains", "..\libiada-core\PhantomChains\PhantomChains.csproj", "{CD629F50-1CB7-410C-B77D-B76E2AB74B05}"
EndProject
Project("{9A19103F-16F7-4668-BE54-9A1E7A4F7556}") = "PhantomChains.Tests", "..\libiada-core\PhantomChains.Tests\PhantomChains.Tests.csproj", "{64B28094-CD18-48A2-BD3B-5CA41CBA058A}"
EndProject
Project("{9A19103F-16F7-4668-BE54-9A1E7A4F7556}") = "Segmenter.Tests", "..\libiada-core\Segmenter.Tests\Segmenter.Tests.csproj", "{E9A5358E-490D-49F6-ADA0-F2020BCE2B58}"
EndProject
Project("{9A19103F-16F7-4668-BE54-9A1E7A4F7556}") = "SequenceGenerator.Tests", "..\libiada-core\SequenceGenerator.Tests\SequenceGenerator.Tests.csproj", "{6FD1420A-E4E9-4B23-A79E-ED59E111DE0B}"
EndProject
Project("{9A19103F-16F7-4668-BE54-9A1E7A4F7556}") = "Libiada.Web.Tests", "Libiada.Web.Tests\Libiada.Web.Tests.csproj", "{F326AA67-5786-46DE-894C-7A26DE1D4845}"
EndProject
Project("{9A19103F-16F7-4668-BE54-9A1E7A4F7556}") = "Libiada.Database.Tests", "..\libiada-database\Libiada.Database.Tests\Libiada.Database.Tests.csproj", "{BA549D92-C8DC-44B8-B166-011BE51235E2}"
EndProject
Global
	GlobalSection(SolutionConfigurationPlatforms) = preSolution
		Debug|Any CPU = Debug|Any CPU
		Release|Any CPU = Release|Any CPU
	EndGlobalSection
	GlobalSection(ProjectConfigurationPlatforms) = postSolution
		{45D7D138-5640-47CD-BC92-3E15C2F719C8}.Debug|Any CPU.ActiveCfg = Debug|Any CPU
		{45D7D138-5640-47CD-BC92-3E15C2F719C8}.Debug|Any CPU.Build.0 = Debug|Any CPU
		{45D7D138-5640-47CD-BC92-3E15C2F719C8}.Release|Any CPU.ActiveCfg = Release|Any CPU
		{45D7D138-5640-47CD-BC92-3E15C2F719C8}.Release|Any CPU.Build.0 = Release|Any CPU
		{A14CA593-416D-4578-B79F-54BCDF5288F1}.Debug|Any CPU.ActiveCfg = Debug|Any CPU
		{A14CA593-416D-4578-B79F-54BCDF5288F1}.Debug|Any CPU.Build.0 = Debug|Any CPU
		{A14CA593-416D-4578-B79F-54BCDF5288F1}.Release|Any CPU.ActiveCfg = Release|Any CPU
		{A14CA593-416D-4578-B79F-54BCDF5288F1}.Release|Any CPU.Build.0 = Release|Any CPU
		{FC07EAF3-248A-4E33-BC0B-62562608B971}.Debug|Any CPU.ActiveCfg = Debug|Any CPU
		{FC07EAF3-248A-4E33-BC0B-62562608B971}.Debug|Any CPU.Build.0 = Debug|Any CPU
		{FC07EAF3-248A-4E33-BC0B-62562608B971}.Release|Any CPU.ActiveCfg = Release|Any CPU
		{FC07EAF3-248A-4E33-BC0B-62562608B971}.Release|Any CPU.Build.0 = Release|Any CPU
		{0487FD4A-C556-49C3-8863-DF5A96752D4F}.Debug|Any CPU.ActiveCfg = Debug|Any CPU
		{0487FD4A-C556-49C3-8863-DF5A96752D4F}.Debug|Any CPU.Build.0 = Debug|Any CPU
		{0487FD4A-C556-49C3-8863-DF5A96752D4F}.Release|Any CPU.ActiveCfg = Release|Any CPU
		{0487FD4A-C556-49C3-8863-DF5A96752D4F}.Release|Any CPU.Build.0 = Release|Any CPU
		{60871AFC-8039-4CCE-9DD5-DB51251BF6B1}.Debug|Any CPU.ActiveCfg = Debug|Any CPU
		{60871AFC-8039-4CCE-9DD5-DB51251BF6B1}.Debug|Any CPU.Build.0 = Debug|Any CPU
		{60871AFC-8039-4CCE-9DD5-DB51251BF6B1}.Release|Any CPU.ActiveCfg = Release|Any CPU
		{60871AFC-8039-4CCE-9DD5-DB51251BF6B1}.Release|Any CPU.Build.0 = Release|Any CPU
		{41AB43B7-ACD6-47D5-BB3C-372CC7D59688}.Debug|Any CPU.ActiveCfg = Debug|Any CPU
		{41AB43B7-ACD6-47D5-BB3C-372CC7D59688}.Debug|Any CPU.Build.0 = Debug|Any CPU
		{41AB43B7-ACD6-47D5-BB3C-372CC7D59688}.Release|Any CPU.ActiveCfg = Release|Any CPU
		{41AB43B7-ACD6-47D5-BB3C-372CC7D59688}.Release|Any CPU.Build.0 = Release|Any CPU
		{8E2986A9-6D83-4C1F-AE84-D03496863E6D}.Debug|Any CPU.ActiveCfg = Debug|Any CPU
		{8E2986A9-6D83-4C1F-AE84-D03496863E6D}.Debug|Any CPU.Build.0 = Debug|Any CPU
		{8E2986A9-6D83-4C1F-AE84-D03496863E6D}.Release|Any CPU.ActiveCfg = Release|Any CPU
		{8E2986A9-6D83-4C1F-AE84-D03496863E6D}.Release|Any CPU.Build.0 = Release|Any CPU
		{CA7E5BAB-A689-45FB-9DA6-F7023866988A}.Debug|Any CPU.ActiveCfg = Debug|Any CPU
		{CA7E5BAB-A689-45FB-9DA6-F7023866988A}.Debug|Any CPU.Build.0 = Debug|Any CPU
		{CA7E5BAB-A689-45FB-9DA6-F7023866988A}.Release|Any CPU.ActiveCfg = Release|Any CPU
		{CA7E5BAB-A689-45FB-9DA6-F7023866988A}.Release|Any CPU.Build.0 = Release|Any CPU
		{6ADFB9C2-4AFB-4D34-9DE2-D92FC98225E0}.Debug|Any CPU.ActiveCfg = Debug|Any CPU
		{6ADFB9C2-4AFB-4D34-9DE2-D92FC98225E0}.Debug|Any CPU.Build.0 = Debug|Any CPU
		{6ADFB9C2-4AFB-4D34-9DE2-D92FC98225E0}.Release|Any CPU.ActiveCfg = Release|Any CPU
		{6ADFB9C2-4AFB-4D34-9DE2-D92FC98225E0}.Release|Any CPU.Build.0 = Release|Any CPU
		{714F8CA8-6EB5-4423-A73A-8B9A4CD44200}.Debug|Any CPU.ActiveCfg = Debug|Any CPU
		{714F8CA8-6EB5-4423-A73A-8B9A4CD44200}.Debug|Any CPU.Build.0 = Debug|Any CPU
		{714F8CA8-6EB5-4423-A73A-8B9A4CD44200}.Release|Any CPU.ActiveCfg = Release|Any CPU
		{714F8CA8-6EB5-4423-A73A-8B9A4CD44200}.Release|Any CPU.Build.0 = Release|Any CPU
		{CD629F50-1CB7-410C-B77D-B76E2AB74B05}.Debug|Any CPU.ActiveCfg = Debug|Any CPU
		{CD629F50-1CB7-410C-B77D-B76E2AB74B05}.Debug|Any CPU.Build.0 = Debug|Any CPU
		{CD629F50-1CB7-410C-B77D-B76E2AB74B05}.Release|Any CPU.ActiveCfg = Release|Any CPU
		{CD629F50-1CB7-410C-B77D-B76E2AB74B05}.Release|Any CPU.Build.0 = Release|Any CPU
		{64B28094-CD18-48A2-BD3B-5CA41CBA058A}.Debug|Any CPU.ActiveCfg = Debug|Any CPU
		{64B28094-CD18-48A2-BD3B-5CA41CBA058A}.Debug|Any CPU.Build.0 = Debug|Any CPU
		{64B28094-CD18-48A2-BD3B-5CA41CBA058A}.Release|Any CPU.ActiveCfg = Release|Any CPU
		{64B28094-CD18-48A2-BD3B-5CA41CBA058A}.Release|Any CPU.Build.0 = Release|Any CPU
		{E9A5358E-490D-49F6-ADA0-F2020BCE2B58}.Debug|Any CPU.ActiveCfg = Debug|Any CPU
		{E9A5358E-490D-49F6-ADA0-F2020BCE2B58}.Debug|Any CPU.Build.0 = Debug|Any CPU
		{E9A5358E-490D-49F6-ADA0-F2020BCE2B58}.Release|Any CPU.ActiveCfg = Release|Any CPU
		{E9A5358E-490D-49F6-ADA0-F2020BCE2B58}.Release|Any CPU.Build.0 = Release|Any CPU
		{6FD1420A-E4E9-4B23-A79E-ED59E111DE0B}.Debug|Any CPU.ActiveCfg = Debug|Any CPU
		{6FD1420A-E4E9-4B23-A79E-ED59E111DE0B}.Debug|Any CPU.Build.0 = Debug|Any CPU
		{6FD1420A-E4E9-4B23-A79E-ED59E111DE0B}.Release|Any CPU.ActiveCfg = Release|Any CPU
		{6FD1420A-E4E9-4B23-A79E-ED59E111DE0B}.Release|Any CPU.Build.0 = Release|Any CPU
		{F326AA67-5786-46DE-894C-7A26DE1D4845}.Debug|Any CPU.ActiveCfg = Debug|Any CPU
		{F326AA67-5786-46DE-894C-7A26DE1D4845}.Debug|Any CPU.Build.0 = Debug|Any CPU
		{F326AA67-5786-46DE-894C-7A26DE1D4845}.Release|Any CPU.ActiveCfg = Release|Any CPU
		{F326AA67-5786-46DE-894C-7A26DE1D4845}.Release|Any CPU.Build.0 = Release|Any CPU
		{BA549D92-C8DC-44B8-B166-011BE51235E2}.Debug|Any CPU.ActiveCfg = Debug|Any CPU
		{BA549D92-C8DC-44B8-B166-011BE51235E2}.Debug|Any CPU.Build.0 = Debug|Any CPU
		{BA549D92-C8DC-44B8-B166-011BE51235E2}.Release|Any CPU.ActiveCfg = Release|Any CPU
		{BA549D92-C8DC-44B8-B166-011BE51235E2}.Release|Any CPU.Build.0 = Release|Any CPU
	EndGlobalSection
	GlobalSection(SolutionProperties) = preSolution
		HideSolutionNode = FALSE
	EndGlobalSection
	GlobalSection(ExtensibilityGlobals) = postSolution
		SolutionGuid = {A930E3A3-36BE-4C8C-93A5-80E7C7638C87}
	EndGlobalSection
EndGlobal
