
Microsoft Visual Studio Solution File, Format Version 12.00
# Visual Studio Version 17
VisualStudioVersion = 17.5.33516.290
MinimumVisualStudioVersion = 10.0.40219.1
Project("{9A19103F-16F7-4668-BE54-9A1E7A4F7556}") = "LibiadaWeb", "LibiadaWeb\LibiadaWeb.csproj", "{81C43694-3C45-412C-AFE8-97C2A9F271BB}"
EndProject
Project("{9A19103F-16F7-4668-BE54-9A1E7A4F7556}") = "Libiada.Database", "..\libiada-database\Libiada.Database\Libiada.Database.csproj", "{E00C7E40-D0A3-4648-86C6-F88F161E5974}"
EndProject
Project("{9A19103F-16F7-4668-BE54-9A1E7A4F7556}") = "Libiada.Database.Tests", "..\libiada-database\Libiada.Database.Tests\Libiada.Database.Tests.csproj", "{C56513F6-46C9-4CAF-B131-337FDEB4B229}"
EndProject
Project("{9A19103F-16F7-4668-BE54-9A1E7A4F7556}") = "Clusterizator", "..\libiada-core\Clusterizator\Clusterizator.csproj", "{FEC39F10-8BB0-488C-B707-F3CE48129C25}"
EndProject
Project("{9A19103F-16F7-4668-BE54-9A1E7A4F7556}") = "Clusterizator.Tests", "..\libiada-core\Clusterizator.Tests\Clusterizator.Tests.csproj", "{DACCF7BA-C981-4DCD-A12C-2F9F76385B0C}"
EndProject
Project("{9A19103F-16F7-4668-BE54-9A1E7A4F7556}") = "LibiadaCore", "..\libiada-core\LibiadaCore\LibiadaCore.csproj", "{DC3AE851-A442-4A15-B194-1FDF496A8F70}"
EndProject
Project("{9A19103F-16F7-4668-BE54-9A1E7A4F7556}") = "LibiadaCore.Tests", "..\libiada-core\LibiadaCore.Tests\LibiadaCore.Tests.csproj", "{59F2183E-71A2-4D7E-B52A-20082ED73FF3}"
EndProject
Project("{9A19103F-16F7-4668-BE54-9A1E7A4F7556}") = "MarkovChains", "..\libiada-core\MarkovChains\MarkovChains.csproj", "{074CF44F-086B-4D83-A2DF-9CCF2B145FA7}"
EndProject
Project("{9A19103F-16F7-4668-BE54-9A1E7A4F7556}") = "PhantomChains.Tests", "..\libiada-core\PhantomChains.Tests\PhantomChains.Tests.csproj", "{07AA0DC8-DDD8-4A28-9ACC-303250D77CC7}"
EndProject
Project("{9A19103F-16F7-4668-BE54-9A1E7A4F7556}") = "PhantomChains", "..\libiada-core\PhantomChains\PhantomChains.csproj", "{34C4680D-5F15-4616-AF3B-CD83B7D53FCD}"
EndProject
Project("{9A19103F-16F7-4668-BE54-9A1E7A4F7556}") = "Segmenter", "..\libiada-core\Segmenter\Segmenter.csproj", "{BB5849C5-0CD3-4705-A283-80CCE4117E20}"
EndProject
Project("{9A19103F-16F7-4668-BE54-9A1E7A4F7556}") = "Segmenter.Tests", "..\libiada-core\Segmenter.Tests\Segmenter.Tests.csproj", "{6A3CAAEE-8562-4DB1-8BFE-5DBD98658F1C}"
EndProject
Project("{9A19103F-16F7-4668-BE54-9A1E7A4F7556}") = "SequenceGenerator", "..\libiada-core\SequenceGenerator\SequenceGenerator.csproj", "{D8EE1C5C-97F8-4E9D-8F68-91087C12CA18}"
EndProject
Project("{9A19103F-16F7-4668-BE54-9A1E7A4F7556}") = "SequenceGenerator.Tests", "..\libiada-core\SequenceGenerator.Tests\SequenceGenerator.Tests.csproj", "{A60A8C4E-0911-4E57-9227-E63197BD59FF}"
EndProject
Global
	GlobalSection(SolutionConfigurationPlatforms) = preSolution
		Debug|Any CPU = Debug|Any CPU
		Release|Any CPU = Release|Any CPU
	EndGlobalSection
	GlobalSection(ProjectConfigurationPlatforms) = postSolution
		{81C43694-3C45-412C-AFE8-97C2A9F271BB}.Debug|Any CPU.ActiveCfg = Debug|Any CPU
		{81C43694-3C45-412C-AFE8-97C2A9F271BB}.Debug|Any CPU.Build.0 = Debug|Any CPU
		{81C43694-3C45-412C-AFE8-97C2A9F271BB}.Release|Any CPU.ActiveCfg = Release|Any CPU
		{81C43694-3C45-412C-AFE8-97C2A9F271BB}.Release|Any CPU.Build.0 = Release|Any CPU
		{E00C7E40-D0A3-4648-86C6-F88F161E5974}.Debug|Any CPU.ActiveCfg = Debug|Any CPU
		{E00C7E40-D0A3-4648-86C6-F88F161E5974}.Debug|Any CPU.Build.0 = Debug|Any CPU
		{E00C7E40-D0A3-4648-86C6-F88F161E5974}.Release|Any CPU.ActiveCfg = Release|Any CPU
		{E00C7E40-D0A3-4648-86C6-F88F161E5974}.Release|Any CPU.Build.0 = Release|Any CPU
		{C56513F6-46C9-4CAF-B131-337FDEB4B229}.Debug|Any CPU.ActiveCfg = Debug|Any CPU
		{C56513F6-46C9-4CAF-B131-337FDEB4B229}.Debug|Any CPU.Build.0 = Debug|Any CPU
		{C56513F6-46C9-4CAF-B131-337FDEB4B229}.Release|Any CPU.ActiveCfg = Release|Any CPU
		{C56513F6-46C9-4CAF-B131-337FDEB4B229}.Release|Any CPU.Build.0 = Release|Any CPU
		{FEC39F10-8BB0-488C-B707-F3CE48129C25}.Debug|Any CPU.ActiveCfg = Debug|Any CPU
		{FEC39F10-8BB0-488C-B707-F3CE48129C25}.Debug|Any CPU.Build.0 = Debug|Any CPU
		{FEC39F10-8BB0-488C-B707-F3CE48129C25}.Release|Any CPU.ActiveCfg = Release|Any CPU
		{FEC39F10-8BB0-488C-B707-F3CE48129C25}.Release|Any CPU.Build.0 = Release|Any CPU
		{DACCF7BA-C981-4DCD-A12C-2F9F76385B0C}.Debug|Any CPU.ActiveCfg = Debug|Any CPU
		{DACCF7BA-C981-4DCD-A12C-2F9F76385B0C}.Debug|Any CPU.Build.0 = Debug|Any CPU
		{DACCF7BA-C981-4DCD-A12C-2F9F76385B0C}.Release|Any CPU.ActiveCfg = Release|Any CPU
		{DACCF7BA-C981-4DCD-A12C-2F9F76385B0C}.Release|Any CPU.Build.0 = Release|Any CPU
		{DC3AE851-A442-4A15-B194-1FDF496A8F70}.Debug|Any CPU.ActiveCfg = Debug|Any CPU
		{DC3AE851-A442-4A15-B194-1FDF496A8F70}.Debug|Any CPU.Build.0 = Debug|Any CPU
		{DC3AE851-A442-4A15-B194-1FDF496A8F70}.Release|Any CPU.ActiveCfg = Release|Any CPU
		{DC3AE851-A442-4A15-B194-1FDF496A8F70}.Release|Any CPU.Build.0 = Release|Any CPU
		{59F2183E-71A2-4D7E-B52A-20082ED73FF3}.Debug|Any CPU.ActiveCfg = Debug|Any CPU
		{59F2183E-71A2-4D7E-B52A-20082ED73FF3}.Debug|Any CPU.Build.0 = Debug|Any CPU
		{59F2183E-71A2-4D7E-B52A-20082ED73FF3}.Release|Any CPU.ActiveCfg = Release|Any CPU
		{59F2183E-71A2-4D7E-B52A-20082ED73FF3}.Release|Any CPU.Build.0 = Release|Any CPU
		{074CF44F-086B-4D83-A2DF-9CCF2B145FA7}.Debug|Any CPU.ActiveCfg = Debug|Any CPU
		{074CF44F-086B-4D83-A2DF-9CCF2B145FA7}.Debug|Any CPU.Build.0 = Debug|Any CPU
		{074CF44F-086B-4D83-A2DF-9CCF2B145FA7}.Release|Any CPU.ActiveCfg = Release|Any CPU
		{074CF44F-086B-4D83-A2DF-9CCF2B145FA7}.Release|Any CPU.Build.0 = Release|Any CPU
		{07AA0DC8-DDD8-4A28-9ACC-303250D77CC7}.Debug|Any CPU.ActiveCfg = Debug|Any CPU
		{07AA0DC8-DDD8-4A28-9ACC-303250D77CC7}.Debug|Any CPU.Build.0 = Debug|Any CPU
		{07AA0DC8-DDD8-4A28-9ACC-303250D77CC7}.Release|Any CPU.ActiveCfg = Release|Any CPU
		{07AA0DC8-DDD8-4A28-9ACC-303250D77CC7}.Release|Any CPU.Build.0 = Release|Any CPU
		{34C4680D-5F15-4616-AF3B-CD83B7D53FCD}.Debug|Any CPU.ActiveCfg = Debug|Any CPU
		{34C4680D-5F15-4616-AF3B-CD83B7D53FCD}.Debug|Any CPU.Build.0 = Debug|Any CPU
		{34C4680D-5F15-4616-AF3B-CD83B7D53FCD}.Release|Any CPU.ActiveCfg = Release|Any CPU
		{34C4680D-5F15-4616-AF3B-CD83B7D53FCD}.Release|Any CPU.Build.0 = Release|Any CPU
		{BB5849C5-0CD3-4705-A283-80CCE4117E20}.Debug|Any CPU.ActiveCfg = Debug|Any CPU
		{BB5849C5-0CD3-4705-A283-80CCE4117E20}.Debug|Any CPU.Build.0 = Debug|Any CPU
		{BB5849C5-0CD3-4705-A283-80CCE4117E20}.Release|Any CPU.ActiveCfg = Release|Any CPU
		{BB5849C5-0CD3-4705-A283-80CCE4117E20}.Release|Any CPU.Build.0 = Release|Any CPU
		{6A3CAAEE-8562-4DB1-8BFE-5DBD98658F1C}.Debug|Any CPU.ActiveCfg = Debug|Any CPU
		{6A3CAAEE-8562-4DB1-8BFE-5DBD98658F1C}.Debug|Any CPU.Build.0 = Debug|Any CPU
		{6A3CAAEE-8562-4DB1-8BFE-5DBD98658F1C}.Release|Any CPU.ActiveCfg = Release|Any CPU
		{6A3CAAEE-8562-4DB1-8BFE-5DBD98658F1C}.Release|Any CPU.Build.0 = Release|Any CPU
		{D8EE1C5C-97F8-4E9D-8F68-91087C12CA18}.Debug|Any CPU.ActiveCfg = Debug|Any CPU
		{D8EE1C5C-97F8-4E9D-8F68-91087C12CA18}.Debug|Any CPU.Build.0 = Debug|Any CPU
		{D8EE1C5C-97F8-4E9D-8F68-91087C12CA18}.Release|Any CPU.ActiveCfg = Release|Any CPU
		{D8EE1C5C-97F8-4E9D-8F68-91087C12CA18}.Release|Any CPU.Build.0 = Release|Any CPU
		{A60A8C4E-0911-4E57-9227-E63197BD59FF}.Debug|Any CPU.ActiveCfg = Debug|Any CPU
		{A60A8C4E-0911-4E57-9227-E63197BD59FF}.Debug|Any CPU.Build.0 = Debug|Any CPU
		{A60A8C4E-0911-4E57-9227-E63197BD59FF}.Release|Any CPU.ActiveCfg = Release|Any CPU
		{A60A8C4E-0911-4E57-9227-E63197BD59FF}.Release|Any CPU.Build.0 = Release|Any CPU
	EndGlobalSection
	GlobalSection(SolutionProperties) = preSolution
		HideSolutionNode = FALSE
	EndGlobalSection
	GlobalSection(ExtensibilityGlobals) = postSolution
		SolutionGuid = {A3CCDDFF-FB03-4A9D-A66A-40673630405B}
	EndGlobalSection
EndGlobal
