{
  "name": "libiada-web",
  "version": "1.0.0",
  "lockfileVersion": 3,
  "requires": true,
  "packages": {
    "": {
      "name": "libiada-web",
      "version": "1.0.0",
      "license": "ISC",
      "dependencies": {
        "@microsoft/signalr": "^8.0.7",
        "@types/plotly.js": "^3.0.0"
      },
      "devDependencies": {
        "@types/angular": "^1.8.9",
        "@types/d3": "^7.4.3",
        "@types/jquery": "^3.5.32",
        "typescript": "^5.8.3"
      }
    },
    "node_modules/@microsoft/signalr": {
      "version": "8.0.7",
      "resolved": "https://registry.npmjs.org/@microsoft/signalr/-/signalr-8.0.7.tgz",
      "integrity": "sha512-PHcdMv8v5hJlBkRHAuKG5trGViQEkPYee36LnJQx4xHOQ5LL4X0nEWIxOp5cCtZ7tu+30quz5V3k0b1YNuc6lw==",
      "license": "MIT",
      "dependencies": {
        "abort-controller": "^3.0.0",
        "eventsource": "^2.0.2",
        "fetch-cookie": "^2.0.3",
        "node-fetch": "^2.6.7",
        "ws": "^7.4.5"
      }
    },
    "node_modules/@types/angular": {
      "version": "1.8.9",
      "resolved": "https://registry.npmjs.org/@types/angular/-/angular-1.8.9.tgz",
      "integrity": "sha512-Z0HukqZkx0fotsV3QO00yqU9NzcQI+tMcrum+8MvfB4ePqCawZctF/gz6QiuII+T1ax+LitNoPx/eICTgnF4sg==",
      "dev": true,
      "license": "MIT"
    },
    "node_modules/@types/d3": {
      "version": "7.4.3",
      "resolved": "https://registry.npmjs.org/@types/d3/-/d3-7.4.3.tgz",
      "integrity": "sha512-lZXZ9ckh5R8uiFVt8ogUNf+pIrK4EsWrx2Np75WvF/eTpJ0FMHNhjXk8CKEx/+gpHbNQyJWehbFaTvqmHWB3ww==",
      "dev": true,
      "license": "MIT",
      "dependencies": {
        "@types/d3-array": "*",
        "@types/d3-axis": "*",
        "@types/d3-brush": "*",
        "@types/d3-chord": "*",
        "@types/d3-color": "*",
        "@types/d3-contour": "*",
        "@types/d3-delaunay": "*",
        "@types/d3-dispatch": "*",
        "@types/d3-drag": "*",
        "@types/d3-dsv": "*",
        "@types/d3-ease": "*",
        "@types/d3-fetch": "*",
        "@types/d3-force": "*",
        "@types/d3-format": "*",
        "@types/d3-geo": "*",
        "@types/d3-hierarchy": "*",
        "@types/d3-interpolate": "*",
        "@types/d3-path": "*",
        "@types/d3-polygon": "*",
        "@types/d3-quadtree": "*",
        "@types/d3-random": "*",
        "@types/d3-scale": "*",
        "@types/d3-scale-chromatic": "*",
        "@types/d3-selection": "*",
        "@types/d3-shape": "*",
        "@types/d3-time": "*",
        "@types/d3-time-format": "*",
        "@types/d3-timer": "*",
        "@types/d3-transition": "*",
        "@types/d3-zoom": "*"
      }
    },
    "node_modules/@types/d3-array": {
      "version": "3.2.1",
      "resolved": "https://registry.npmjs.org/@types/d3-array/-/d3-array-3.2.1.tgz",
      "integrity": "sha512-Y2Jn2idRrLzUfAKV2LyRImR+y4oa2AntrgID95SHJxuMUrkNXmanDSed71sRNZysveJVt1hLLemQZIady0FpEg==",
      "dev": true,
      "license": "MIT"
    },
    "node_modules/@types/d3-axis": {
      "version": "3.0.6",
      "resolved": "https://registry.npmjs.org/@types/d3-axis/-/d3-axis-3.0.6.tgz",
      "integrity": "sha512-pYeijfZuBd87T0hGn0FO1vQ/cgLk6E1ALJjfkC0oJ8cbwkZl3TpgS8bVBLZN+2jjGgg38epgxb2zmoGtSfvgMw==",
      "dev": true,
      "license": "MIT",
      "dependencies": {
        "@types/d3-selection": "*"
      }
    },
    "node_modules/@types/d3-brush": {
      "version": "3.0.6",
      "resolved": "https://registry.npmjs.org/@types/d3-brush/-/d3-brush-3.0.6.tgz",
      "integrity": "sha512-nH60IZNNxEcrh6L1ZSMNA28rj27ut/2ZmI3r96Zd+1jrZD++zD3LsMIjWlvg4AYrHn/Pqz4CF3veCxGjtbqt7A==",
      "dev": true,
      "license": "MIT",
      "dependencies": {
        "@types/d3-selection": "*"
      }
    },
    "node_modules/@types/d3-chord": {
      "version": "3.0.6",
      "resolved": "https://registry.npmjs.org/@types/d3-chord/-/d3-chord-3.0.6.tgz",
      "integrity": "sha512-LFYWWd8nwfwEmTZG9PfQxd17HbNPksHBiJHaKuY1XeqscXacsS2tyoo6OdRsjf+NQYeB6XrNL3a25E3gH69lcg==",
      "dev": true,
      "license": "MIT"
    },
    "node_modules/@types/d3-color": {
      "version": "3.1.3",
      "resolved": "https://registry.npmjs.org/@types/d3-color/-/d3-color-3.1.3.tgz",
      "integrity": "sha512-iO90scth9WAbmgv7ogoq57O9YpKmFBbmoEoCHDB2xMBY0+/KVrqAaCDyCE16dUspeOvIxFFRI+0sEtqDqy2b4A==",
      "dev": true,
      "license": "MIT"
    },
    "node_modules/@types/d3-contour": {
      "version": "3.0.6",
      "resolved": "https://registry.npmjs.org/@types/d3-contour/-/d3-contour-3.0.6.tgz",
      "integrity": "sha512-BjzLgXGnCWjUSYGfH1cpdo41/hgdWETu4YxpezoztawmqsvCeep+8QGfiY6YbDvfgHz/DkjeIkkZVJavB4a3rg==",
      "dev": true,
      "license": "MIT",
      "dependencies": {
        "@types/d3-array": "*",
        "@types/geojson": "*"
      }
    },
    "node_modules/@types/d3-delaunay": {
      "version": "6.0.4",
      "resolved": "https://registry.npmjs.org/@types/d3-delaunay/-/d3-delaunay-6.0.4.tgz",
      "integrity": "sha512-ZMaSKu4THYCU6sV64Lhg6qjf1orxBthaC161plr5KuPHo3CNm8DTHiLw/5Eq2b6TsNP0W0iJrUOFscY6Q450Hw==",
      "dev": true,
      "license": "MIT"
    },
    "node_modules/@types/d3-dispatch": {
      "version": "3.0.6",
      "resolved": "https://registry.npmjs.org/@types/d3-dispatch/-/d3-dispatch-3.0.6.tgz",
      "integrity": "sha512-4fvZhzMeeuBJYZXRXrRIQnvUYfyXwYmLsdiN7XXmVNQKKw1cM8a5WdID0g1hVFZDqT9ZqZEY5pD44p24VS7iZQ==",
      "dev": true,
      "license": "MIT"
    },
    "node_modules/@types/d3-drag": {
      "version": "3.0.7",
      "resolved": "https://registry.npmjs.org/@types/d3-drag/-/d3-drag-3.0.7.tgz",
      "integrity": "sha512-HE3jVKlzU9AaMazNufooRJ5ZpWmLIoc90A37WU2JMmeq28w1FQqCZswHZ3xR+SuxYftzHq6WU6KJHvqxKzTxxQ==",
      "dev": true,
      "license": "MIT",
      "dependencies": {
        "@types/d3-selection": "*"
      }
    },
    "node_modules/@types/d3-dsv": {
      "version": "3.0.7",
      "resolved": "https://registry.npmjs.org/@types/d3-dsv/-/d3-dsv-3.0.7.tgz",
      "integrity": "sha512-n6QBF9/+XASqcKK6waudgL0pf/S5XHPPI8APyMLLUHd8NqouBGLsU8MgtO7NINGtPBtk9Kko/W4ea0oAspwh9g==",
      "dev": true,
      "license": "MIT"
    },
    "node_modules/@types/d3-ease": {
      "version": "3.0.2",
      "resolved": "https://registry.npmjs.org/@types/d3-ease/-/d3-ease-3.0.2.tgz",
      "integrity": "sha512-NcV1JjO5oDzoK26oMzbILE6HW7uVXOHLQvHshBUW4UMdZGfiY6v5BeQwh9a9tCzv+CeefZQHJt5SRgK154RtiA==",
      "dev": true,
      "license": "MIT"
    },
    "node_modules/@types/d3-fetch": {
      "version": "3.0.7",
      "resolved": "https://registry.npmjs.org/@types/d3-fetch/-/d3-fetch-3.0.7.tgz",
      "integrity": "sha512-fTAfNmxSb9SOWNB9IoG5c8Hg6R+AzUHDRlsXsDZsNp6sxAEOP0tkP3gKkNSO/qmHPoBFTxNrjDprVHDQDvo5aA==",
      "dev": true,
      "license": "MIT",
      "dependencies": {
        "@types/d3-dsv": "*"
      }
    },
    "node_modules/@types/d3-force": {
      "version": "3.0.10",
      "resolved": "https://registry.npmjs.org/@types/d3-force/-/d3-force-3.0.10.tgz",
      "integrity": "sha512-ZYeSaCF3p73RdOKcjj+swRlZfnYpK1EbaDiYICEEp5Q6sUiqFaFQ9qgoshp5CzIyyb/yD09kD9o2zEltCexlgw==",
      "dev": true,
      "license": "MIT"
    },
    "node_modules/@types/d3-format": {
      "version": "3.0.4",
      "resolved": "https://registry.npmjs.org/@types/d3-format/-/d3-format-3.0.4.tgz",
      "integrity": "sha512-fALi2aI6shfg7vM5KiR1wNJnZ7r6UuggVqtDA+xiEdPZQwy/trcQaHnwShLuLdta2rTymCNpxYTiMZX/e09F4g==",
      "dev": true,
      "license": "MIT"
    },
    "node_modules/@types/d3-geo": {
      "version": "3.1.0",
      "resolved": "https://registry.npmjs.org/@types/d3-geo/-/d3-geo-3.1.0.tgz",
      "integrity": "sha512-856sckF0oP/diXtS4jNsiQw/UuK5fQG8l/a9VVLeSouf1/PPbBE1i1W852zVwKwYCBkFJJB7nCFTbk6UMEXBOQ==",
      "dev": true,
      "license": "MIT",
      "dependencies": {
        "@types/geojson": "*"
      }
    },
    "node_modules/@types/d3-hierarchy": {
      "version": "3.1.7",
      "resolved": "https://registry.npmjs.org/@types/d3-hierarchy/-/d3-hierarchy-3.1.7.tgz",
      "integrity": "sha512-tJFtNoYBtRtkNysX1Xq4sxtjK8YgoWUNpIiUee0/jHGRwqvzYxkq0hGVbbOGSz+JgFxxRu4K8nb3YpG3CMARtg==",
      "dev": true,
      "license": "MIT"
    },
    "node_modules/@types/d3-interpolate": {
      "version": "3.0.4",
      "resolved": "https://registry.npmjs.org/@types/d3-interpolate/-/d3-interpolate-3.0.4.tgz",
      "integrity": "sha512-mgLPETlrpVV1YRJIglr4Ez47g7Yxjl1lj7YKsiMCb27VJH9W8NVM6Bb9d8kkpG/uAQS5AmbA48q2IAolKKo1MA==",
      "dev": true,
      "license": "MIT",
      "dependencies": {
        "@types/d3-color": "*"
      }
    },
    "node_modules/@types/d3-path": {
      "version": "3.1.1",
      "resolved": "https://registry.npmjs.org/@types/d3-path/-/d3-path-3.1.1.tgz",
      "integrity": "sha512-VMZBYyQvbGmWyWVea0EHs/BwLgxc+MKi1zLDCONksozI4YJMcTt8ZEuIR4Sb1MMTE8MMW49v0IwI5+b7RmfWlg==",
      "dev": true,
      "license": "MIT"
    },
    "node_modules/@types/d3-polygon": {
      "version": "3.0.2",
      "resolved": "https://registry.npmjs.org/@types/d3-polygon/-/d3-polygon-3.0.2.tgz",
      "integrity": "sha512-ZuWOtMaHCkN9xoeEMr1ubW2nGWsp4nIql+OPQRstu4ypeZ+zk3YKqQT0CXVe/PYqrKpZAi+J9mTs05TKwjXSRA==",
      "dev": true,
      "license": "MIT"
    },
    "node_modules/@types/d3-quadtree": {
      "version": "3.0.6",
      "resolved": "https://registry.npmjs.org/@types/d3-quadtree/-/d3-quadtree-3.0.6.tgz",
      "integrity": "sha512-oUzyO1/Zm6rsxKRHA1vH0NEDG58HrT5icx/azi9MF1TWdtttWl0UIUsjEQBBh+SIkrpd21ZjEv7ptxWys1ncsg==",
      "dev": true,
      "license": "MIT"
    },
    "node_modules/@types/d3-random": {
      "version": "3.0.3",
      "resolved": "https://registry.npmjs.org/@types/d3-random/-/d3-random-3.0.3.tgz",
      "integrity": "sha512-Imagg1vJ3y76Y2ea0871wpabqp613+8/r0mCLEBfdtqC7xMSfj9idOnmBYyMoULfHePJyxMAw3nWhJxzc+LFwQ==",
      "dev": true,
      "license": "MIT"
    },
    "node_modules/@types/d3-scale": {
      "version": "4.0.9",
      "resolved": "https://registry.npmjs.org/@types/d3-scale/-/d3-scale-4.0.9.tgz",
      "integrity": "sha512-dLmtwB8zkAeO/juAMfnV+sItKjlsw2lKdZVVy6LRr0cBmegxSABiLEpGVmSJJ8O08i4+sGR6qQtb6WtuwJdvVw==",
      "dev": true,
      "license": "MIT",
      "dependencies": {
        "@types/d3-time": "*"
      }
    },
    "node_modules/@types/d3-scale-chromatic": {
      "version": "3.1.0",
      "resolved": "https://registry.npmjs.org/@types/d3-scale-chromatic/-/d3-scale-chromatic-3.1.0.tgz",
      "integrity": "sha512-iWMJgwkK7yTRmWqRB5plb1kadXyQ5Sj8V/zYlFGMUBbIPKQScw+Dku9cAAMgJG+z5GYDoMjWGLVOvjghDEFnKQ==",
      "dev": true,
      "license": "MIT"
    },
    "node_modules/@types/d3-selection": {
      "version": "3.0.11",
      "resolved": "https://registry.npmjs.org/@types/d3-selection/-/d3-selection-3.0.11.tgz",
      "integrity": "sha512-bhAXu23DJWsrI45xafYpkQ4NtcKMwWnAC/vKrd2l+nxMFuvOT3XMYTIj2opv8vq8AO5Yh7Qac/nSeP/3zjTK0w==",
      "dev": true,
      "license": "MIT"
    },
    "node_modules/@types/d3-shape": {
      "version": "3.1.7",
      "resolved": "https://registry.npmjs.org/@types/d3-shape/-/d3-shape-3.1.7.tgz",
      "integrity": "sha512-VLvUQ33C+3J+8p+Daf+nYSOsjB4GXp19/S/aGo60m9h1v6XaxjiT82lKVWJCfzhtuZ3yD7i/TPeC/fuKLLOSmg==",
      "dev": true,
      "license": "MIT",
      "dependencies": {
        "@types/d3-path": "*"
      }
    },
    "node_modules/@types/d3-time": {
      "version": "3.0.4",
      "resolved": "https://registry.npmjs.org/@types/d3-time/-/d3-time-3.0.4.tgz",
      "integrity": "sha512-yuzZug1nkAAaBlBBikKZTgzCeA+k1uy4ZFwWANOfKw5z5LRhV0gNA7gNkKm7HoK+HRN0wX3EkxGk0fpbWhmB7g==",
      "dev": true,
      "license": "MIT"
    },
    "node_modules/@types/d3-time-format": {
      "version": "4.0.3",
      "resolved": "https://registry.npmjs.org/@types/d3-time-format/-/d3-time-format-4.0.3.tgz",
      "integrity": "sha512-5xg9rC+wWL8kdDj153qZcsJ0FWiFt0J5RB6LYUNZjwSnesfblqrI/bJ1wBdJ8OQfncgbJG5+2F+qfqnqyzYxyg==",
      "dev": true,
      "license": "MIT"
    },
    "node_modules/@types/d3-timer": {
      "version": "3.0.2",
      "resolved": "https://registry.npmjs.org/@types/d3-timer/-/d3-timer-3.0.2.tgz",
      "integrity": "sha512-Ps3T8E8dZDam6fUyNiMkekK3XUsaUEik+idO9/YjPtfj2qruF8tFBXS7XhtE4iIXBLxhmLjP3SXpLhVf21I9Lw==",
      "dev": true,
      "license": "MIT"
    },
    "node_modules/@types/d3-transition": {
      "version": "3.0.9",
      "resolved": "https://registry.npmjs.org/@types/d3-transition/-/d3-transition-3.0.9.tgz",
      "integrity": "sha512-uZS5shfxzO3rGlu0cC3bjmMFKsXv+SmZZcgp0KD22ts4uGXp5EVYGzu/0YdwZeKmddhcAccYtREJKkPfXkZuCg==",
      "dev": true,
      "license": "MIT",
      "dependencies": {
        "@types/d3-selection": "*"
      }
    },
    "node_modules/@types/d3-zoom": {
      "version": "3.0.8",
      "resolved": "https://registry.npmjs.org/@types/d3-zoom/-/d3-zoom-3.0.8.tgz",
      "integrity": "sha512-iqMC4/YlFCSlO8+2Ii1GGGliCAY4XdeG748w5vQUbevlbDu0zSjH/+jojorQVBK/se0j6DUFNPBGSqD3YWYnDw==",
      "dev": true,
      "license": "MIT",
      "dependencies": {
        "@types/d3-interpolate": "*",
        "@types/d3-selection": "*"
      }
    },
    "node_modules/@types/geojson": {
      "version": "7946.0.16",
      "resolved": "https://registry.npmjs.org/@types/geojson/-/geojson-7946.0.16.tgz",
      "integrity": "sha512-6C8nqWur3j98U6+lXDfTUWIfgvZU+EumvpHKcYjujKH7woYyLj2sUmff0tRhrqM7BohUw7Pz3ZB1jj2gW9Fvmg==",
      "dev": true,
      "license": "MIT"
    },
    "node_modules/@types/jquery": {
      "version": "3.5.32",
      "resolved": "https://registry.npmjs.org/@types/jquery/-/jquery-3.5.32.tgz",
      "integrity": "sha512-b9Xbf4CkMqS02YH8zACqN1xzdxc3cO735Qe5AbSUFmyOiaWAbcpqh9Wna+Uk0vgACvoQHpWDg2rGdHkYPLmCiQ==",
      "dev": true,
      "license": "MIT",
      "dependencies": {
        "@types/sizzle": "*"
      }
    },
    "node_modules/@types/plotly.js": {
      "version": "3.0.0",
      "resolved": "https://registry.npmjs.org/@types/plotly.js/-/plotly.js-3.0.0.tgz",
      "integrity": "sha512-WiUzfUh5Mn7+ySbuh2j0fIr7AtLmPzfu/zjtjVx4mftbuZonkQ6UqwylO9F1LqM9+PXZM8XYtyovIHw8cE+4ug==",
      "license": "MIT"
    },
    "node_modules/@types/sizzle": {
      "version": "2.3.9",
      "resolved": "https://registry.npmjs.org/@types/sizzle/-/sizzle-2.3.9.tgz",
      "integrity": "sha512-xzLEyKB50yqCUPUJkIsrVvoWNfFUbIZI+RspLWt8u+tIW/BetMBZtgV2LY/2o+tYH8dRvQ+eoPf3NdhQCcLE2w==",
      "dev": true,
      "license": "MIT"
    },
    "node_modules/abort-controller": {
      "version": "3.0.0",
      "resolved": "https://registry.npmjs.org/abort-controller/-/abort-controller-3.0.0.tgz",
      "integrity": "sha512-h8lQ8tacZYnR3vNQTgibj+tODHI5/+l06Au2Pcriv/Gmet0eaj4TwWH41sO9wnHDiQsEj19q0drzdWdeAHtweg==",
      "license": "MIT",
      "dependencies": {
        "event-target-shim": "^5.0.0"
      },
      "engines": {
        "node": ">=6.5"
      }
    },
    "node_modules/event-target-shim": {
      "version": "5.0.1",
      "resolved": "https://registry.npmjs.org/event-target-shim/-/event-target-shim-5.0.1.tgz",
      "integrity": "sha512-i/2XbnSz/uxRCU6+NdVJgKWDTM427+MqYbkQzD321DuCQJUqOuJKIA0IM2+W2xtYHdKOmZ4dR6fExsd4SXL+WQ==",
      "license": "MIT",
      "engines": {
        "node": ">=6"
      }
    },
    "node_modules/eventsource": {
      "version": "2.0.2",
      "resolved": "https://registry.npmjs.org/eventsource/-/eventsource-2.0.2.tgz",
      "integrity": "sha512-IzUmBGPR3+oUG9dUeXynyNmf91/3zUSJg1lCktzKw47OXuhco54U3r9B7O4XX+Rb1Itm9OZ2b0RkTs10bICOxA==",
      "license": "MIT",
      "engines": {
        "node": ">=12.0.0"
      }
    },
    "node_modules/fetch-cookie": {
      "version": "2.2.0",
      "resolved": "https://registry.npmjs.org/fetch-cookie/-/fetch-cookie-2.2.0.tgz",
      "integrity": "sha512-h9AgfjURuCgA2+2ISl8GbavpUdR+WGAM2McW/ovn4tVccegp8ZqCKWSBR8uRdM8dDNlx5WdKRWxBYUwteLDCNQ==",
      "license": "Unlicense",
      "dependencies": {
        "set-cookie-parser": "^2.4.8",
        "tough-cookie": "^4.0.0"
      }
    },
    "node_modules/node-fetch": {
      "version": "2.7.0",
      "resolved": "https://registry.npmjs.org/node-fetch/-/node-fetch-2.7.0.tgz",
      "integrity": "sha512-c4FRfUm/dbcWZ7U+1Wq0AwCyFL+3nt2bEw05wfxSz+DWpWsitgmSgYmy2dQdWyKC1694ELPqMs/YzUSNozLt8A==",
      "license": "MIT",
      "dependencies": {
        "whatwg-url": "^5.0.0"
      },
      "engines": {
        "node": "4.x || >=6.0.0"
      },
      "peerDependencies": {
        "encoding": "^0.1.0"
      },
      "peerDependenciesMeta": {
        "encoding": {
          "optional": true
        }
      }
    },
    "node_modules/psl": {
      "version": "1.15.0",
      "resolved": "https://registry.npmjs.org/psl/-/psl-1.15.0.tgz",
      "integrity": "sha512-JZd3gMVBAVQkSs6HdNZo9Sdo0LNcQeMNP3CozBJb3JYC/QUYZTnKxP+f8oWRX4rHP5EurWxqAHTSwUCjlNKa1w==",
      "license": "MIT",
      "dependencies": {
        "punycode": "^2.3.1"
      },
      "funding": {
        "url": "https://github.com/sponsors/lupomontero"
      }
    },
    "node_modules/punycode": {
      "version": "2.3.1",
      "resolved": "https://registry.npmjs.org/punycode/-/punycode-2.3.1.tgz",
      "integrity": "sha512-vYt7UD1U9Wg6138shLtLOvdAu+8DsC/ilFtEVHcH+wydcSpNE20AfSOduf6MkRFahL5FY7X1oU7nKVZFtfq8Fg==",
      "license": "MIT",
      "engines": {
        "node": ">=6"
      }
    },
    "node_modules/querystringify": {
      "version": "2.2.0",
      "resolved": "https://registry.npmjs.org/querystringify/-/querystringify-2.2.0.tgz",
      "integrity": "sha512-FIqgj2EUvTa7R50u0rGsyTftzjYmv/a3hO345bZNrqabNqjtgiDMgmo4mkUjd+nzU5oF3dClKqFIPUKybUyqoQ==",
      "license": "MIT"
    },
    "node_modules/requires-port": {
      "version": "1.0.0",
      "resolved": "https://registry.npmjs.org/requires-port/-/requires-port-1.0.0.tgz",
      "integrity": "sha512-KigOCHcocU3XODJxsu8i/j8T9tzT4adHiecwORRQ0ZZFcp7ahwXuRU1m+yuO90C5ZUyGeGfocHDI14M3L3yDAQ==",
      "license": "MIT"
    },
    "node_modules/set-cookie-parser": {
      "version": "2.7.1",
      "resolved": "https://registry.npmjs.org/set-cookie-parser/-/set-cookie-parser-2.7.1.tgz",
      "integrity": "sha512-IOc8uWeOZgnb3ptbCURJWNjWUPcO3ZnTTdzsurqERrP6nPyv+paC55vJM0LpOlT2ne+Ix+9+CRG1MNLlyZ4GjQ==",
      "license": "MIT"
    },
    "node_modules/tough-cookie": {
      "version": "4.1.4",
      "resolved": "https://registry.npmjs.org/tough-cookie/-/tough-cookie-4.1.4.tgz",
      "integrity": "sha512-Loo5UUvLD9ScZ6jh8beX1T6sO1w2/MpCRpEP7V280GKMVUQ0Jzar2U3UJPsrdbziLEMMhu3Ujnq//rhiFuIeag==",
      "license": "BSD-3-Clause",
      "dependencies": {
        "psl": "^1.1.33",
        "punycode": "^2.1.1",
        "universalify": "^0.2.0",
        "url-parse": "^1.5.3"
      },
      "engines": {
        "node": ">=6"
      }
    },
    "node_modules/tr46": {
      "version": "0.0.3",
      "resolved": "https://registry.npmjs.org/tr46/-/tr46-0.0.3.tgz",
      "integrity": "sha512-N3WMsuqV66lT30CrXNbEjx4GEwlow3v6rr4mCcv6prnfwhS01rkgyFdjPNBYd9br7LpXV1+Emh01fHnq2Gdgrw==",
      "license": "MIT"
    },
    "node_modules/typescript": {
      "version": "5.8.3",
      "resolved": "https://registry.npmjs.org/typescript/-/typescript-5.8.3.tgz",
      "integrity": "sha512-p1diW6TqL9L07nNxvRMM7hMMw4c5XOo/1ibL4aAIGmSAt9slTE1Xgw5KWuof2uTOvCg9BY7ZRi+GaF+7sfgPeQ==",
      "dev": true,
      "license": "Apache-2.0",
      "bin": {
        "tsc": "bin/tsc",
        "tsserver": "bin/tsserver"
      },
      "engines": {
        "node": ">=14.17"
      }
    },
    "node_modules/universalify": {
      "version": "0.2.0",
      "resolved": "https://registry.npmjs.org/universalify/-/universalify-0.2.0.tgz",
      "integrity": "sha512-CJ1QgKmNg3CwvAv/kOFmtnEN05f0D/cn9QntgNOQlQF9dgvVTHj3t+8JPdjqawCHk7V/KA+fbUqzZ9XWhcqPUg==",
      "license": "MIT",
      "engines": {
        "node": ">= 4.0.0"
      }
    },
    "node_modules/url-parse": {
      "version": "1.5.10",
      "resolved": "https://registry.npmjs.org/url-parse/-/url-parse-1.5.10.tgz",
      "integrity": "sha512-WypcfiRhfeUP9vvF0j6rw0J3hrWrw6iZv3+22h6iRMJ/8z1Tj6XfLP4DsUix5MhMPnXpiHDoKyoZ/bdCkwBCiQ==",
      "license": "MIT",
      "dependencies": {
        "querystringify": "^2.1.1",
        "requires-port": "^1.0.0"
      }
    },
    "node_modules/webidl-conversions": {
      "version": "3.0.1",
      "resolved": "https://registry.npmjs.org/webidl-conversions/-/webidl-conversions-3.0.1.tgz",
      "integrity": "sha512-2JAn3z8AR6rjK8Sm8orRC0h/bcl/DqL7tRPdGZ4I1CjdF+EaMLmYxBHyXuKL849eucPFhvBoxMsflfOb8kxaeQ==",
      "license": "BSD-2-Clause"
    },
    "node_modules/whatwg-url": {
      "version": "5.0.0",
      "resolved": "https://registry.npmjs.org/whatwg-url/-/whatwg-url-5.0.0.tgz",
      "integrity": "sha512-saE57nupxk6v3HY35+jzBwYa0rKSy0XR8JSxZPwgLr7ys0IBzhGviA1/TUGJLmSVqs8pb9AnvICXEuOHLprYTw==",
      "license": "MIT",
      "dependencies": {
        "tr46": "~0.0.3",
        "webidl-conversions": "^3.0.0"
      }
    },
    "node_modules/ws": {
      "version": "7.5.10",
      "resolved": "https://registry.npmjs.org/ws/-/ws-7.5.10.tgz",
      "integrity": "sha512-+dbF1tHwZpXcbOJdVOkzLDxZP1ailvSxM6ZweXTegylPny803bFhA+vqBYw4s31NSAk4S2Qz+AKXK9a4wkdjcQ==",
      "license": "MIT",
      "engines": {
        "node": ">=8.3.0"
      },
      "peerDependencies": {
        "bufferutil": "^4.0.1",
        "utf-8-validate": "^5.0.2"
      },
      "peerDependenciesMeta": {
        "bufferutil": {
          "optional": true
        },
        "utf-8-validate": {
          "optional": true
        }
      }
    }
  }
}
